<?xml version="1.0" encoding="utf-8"?>
<Project ToolsVersion="4.0" xmlns="http://schemas.microsoft.com/developer/msbuild/2003">
  <ItemGroup>
    <ClCompile Include="Test.cpp" />
    <ClCompile Include="..\include\MasterQian.Bin.ixx">
      <Filter>Modules</Filter>
    </ClCompile>
    <ClCompile Include="..\include\MasterQian.freestanding.ixx">
      <Filter>Modules</Filter>
    </ClCompile>
    <ClCompile Include="..\include\MasterQian.Time.ixx">
      <Filter>Modules</Filter>
    </ClCompile>
    <ClCompile Include="..\include\MasterQian.Data.ixx">
      <Filter>Modules</Filter>
    </ClCompile>
    <ClCompile Include="..\include\MasterQian.DB.Sqlite.ixx">
      <Filter>Modules</Filter>
    </ClCompile>
    <ClCompile Include="..\include\MasterQian.Media.Color.ixx">
      <Filter>Modules</Filter>
    </ClCompile>
    <ClCompile Include="..\include\MasterQian.Media.GDI.ixx">
      <Filter>Modules</Filter>
    </ClCompile>
    <ClCompile Include="..\include\MasterQian.Parser.Ini.ixx">
      <Filter>Modules</Filter>
    </ClCompile>
    <ClCompile Include="..\include\MasterQian.Parser.Config.ixx">
      <Filter>Modules</Filter>
    </ClCompile>
    <ClCompile Include="..\include\MasterQian.Tool.Benchmark.ixx">
      <Filter>Modules</Filter>
    </ClCompile>
    <ClCompile Include="..\include\MasterQian.Storage.Path.ixx">
      <Filter>Modules</Filter>
    </ClCompile>
    <ClCompile Include="..\include\MasterQian.Log.ixx">
      <Filter>Modules</Filter>
    </ClCompile>
    <ClCompile Include="..\include\MasterQian.System.ixx">
      <Filter>Modules</Filter>
    </ClCompile>
    <ClCompile Include="..\include\MasterQian.Storage.Zip.ixx">
      <Filter>Modules</Filter>
    </ClCompile>
    <ClCompile Include="..\include\MasterQian.Storage.PDF.ixx">
      <Filter>Modules</Filter>
    </ClCompile>
    <ClCompile Include="..\include\MasterQian.WinRT.ixx">
      <Filter>Modules</Filter>
    </ClCompile>
  </ItemGroup>
  <ItemGroup>
    <Filter Include="Modules">
      <UniqueIdentifier>{7ef24b6e-3c8c-4332-979d-b566c7b1afa7}</UniqueIdentifier>
    </Filter>
  </ItemGroup>
</Project>