
Microsoft Visual Studio Solution File, Format Version 12.00
# Visual Studio Version 17
VisualStudioVersion = 17.9.34407.89
MinimumVisualStudioVersion = 10.0.40219.1
Project("{2150E333-8FDC-42A3-9474-1A3956D46DE8}") = "System", "System", "{C23BA001-AC28-4A3D-A831-4ABCD5F30AA5}"
EndProject
Project("{2150E333-8FDC-42A3-9474-1A3956D46DE8}") = "Storage", "Storage", "{9F92B73E-66EE-4BED-9571-75174FFB4C58}"
EndProject
Project("{8BC9CEB8-8B4A-11D0-8D11-00A0C91BC942}") = "Test", "Test\Test.vcxproj", "{82906B50-A5B3-4980-8DB9-1DB32A85047E}"
EndProject
Project("{8BC9CEB8-8B4A-11D0-8D11-00A0C91BC942}") = "MasterQian.DB.Sqlite", "MasterQian.DB.Sqlite\MasterQian.DB.Sqlite.vcxproj", "{2DBADF9A-591C-448D-AC20-6E05B701E8DF}"
EndProject
Project("{2150E333-8FDC-42A3-9474-1A3956D46DE8}") = "DB", "DB", "{D7F7BADC-F9AD-4789-BD24-02B1E7E98952}"
EndProject
Project("{8BC9CEB8-8B4A-11D0-8D11-00A0C91BC942}") = "MasterQianInfo", "MasterQianInfo\MasterQianInfo.vcxproj", "{C50EE782-51C5-4A22-ABED-23BE5AC9449D}"
EndProject
Project("{2150E333-8FDC-42A3-9474-1A3956D46DE8}") = "Media", "Media", "{AF533ABC-1787-46CD-8750-AE1B65E116D9}"
EndProject
Project("{2150E333-8FDC-42A3-9474-1A3956D46DE8}") = "MasterQian", "MasterQian", "{E8A9EEA9-4BA5-40CF-93DC-EFBBC9E3A092}"
	ProjectSection(SolutionItems) = preProject
		include\MasterQian.Meta.h = include\MasterQian.Meta.h
	EndProjectSection
EndProject
Project("{8BC9CEB8-8B4A-11D0-8D11-00A0C91BC942}") = "MasterQian.Media.GDI", "MasterQian.Media.GDI\MasterQian.Media.GDI.vcxproj", "{D445CFCC-FC5B-4F56-B315-BDA3F6187D8F}"
EndProject
Project("{8BC9CEB8-8B4A-11D0-8D11-00A0C91BC942}") = "MasterQian.Storage.Zip", "MasterQian.Storage.Zip\MasterQian.Storage.Zip.vcxproj", "{61A85A3D-8AB0-4AAF-8BEA-4D0523653A47}"
EndProject
Project("{8BC9CEB8-8B4A-11D0-8D11-00A0C91BC942}") = "MasterQian.Storage.Path", "MasterQian.Storage.Path\MasterQian.Storage.Path.vcxproj", "{4236648C-E950-493F-9C47-18FC618BE4D9}"
EndProject
Project("{2150E333-8FDC-42A3-9474-1A3956D46DE8}") = "Tool", "Tool", "{6E9A4D1E-A9D2-4906-9385-EF18B9020727}"
EndProject
Project("{8BC9CEB8-8B4A-11D0-8D11-00A0C91BC942}") = "MasterQian.Tool.Benchmark", "MasterQian.Tool.Benchmark\MasterQian.Tool.Benchmark.vcxproj", "{3D4C4F94-0393-4CD5-8E77-158E06ED3587}"
EndProject
Project("{8BC9CEB8-8B4A-11D0-8D11-00A0C91BC942}") = "MasterQian.Data", "MasterQian.Data\MasterQian.Data.vcxproj", "{1A657863-1F1C-4E0D-977B-2F6D3FF7B415}"
EndProject
Project("{8BC9CEB8-8B4A-11D0-8D11-00A0C91BC942}") = "MasterQian.Storage.PDF", "MasterQian.Storage.PDF\MasterQian.Storage.PDF.vcxproj", "{55F47A2F-5E32-4AB3-8116-BB9EAAB1C9D5}"
EndProject
Project("{8BC9CEB8-8B4A-11D0-8D11-00A0C91BC942}") = "MasterQian.System", "MasterQian.System\MasterQian.System.vcxproj", "{8B65323E-1D0B-4148-884B-F04C2FEAA123}"
EndProject
Global
	GlobalSection(SolutionConfigurationPlatforms) = preSolution
		Debug|x64 = Debug|x64
		Debug|x86 = Debug|x86
		Release|x64 = Release|x64
		Release|x86 = Release|x86
	EndGlobalSection
	GlobalSection(ProjectConfigurationPlatforms) = postSolution
		{82906B50-A5B3-4980-8DB9-1DB32A85047E}.Debug|x64.ActiveCfg = Debug|x64
		{82906B50-A5B3-4980-8DB9-1DB32A85047E}.Debug|x64.Build.0 = Debug|x64
		{82906B50-A5B3-4980-8DB9-1DB32A85047E}.Debug|x86.ActiveCfg = Debug|x64
		{82906B50-A5B3-4980-8DB9-1DB32A85047E}.Debug|x86.Build.0 = Debug|x64
		{82906B50-A5B3-4980-8DB9-1DB32A85047E}.Release|x64.ActiveCfg = Release|x64
		{82906B50-A5B3-4980-8DB9-1DB32A85047E}.Release|x64.Build.0 = Release|x64
		{82906B50-A5B3-4980-8DB9-1DB32A85047E}.Release|x86.ActiveCfg = Release|x64
		{82906B50-A5B3-4980-8DB9-1DB32A85047E}.Release|x86.Build.0 = Release|x64
		{2DBADF9A-591C-448D-AC20-6E05B701E8DF}.Debug|x64.ActiveCfg = Debug|x64
		{2DBADF9A-591C-448D-AC20-6E05B701E8DF}.Debug|x64.Build.0 = Debug|x64
		{2DBADF9A-591C-448D-AC20-6E05B701E8DF}.Debug|x86.ActiveCfg = Debug|x64
		{2DBADF9A-591C-448D-AC20-6E05B701E8DF}.Debug|x86.Build.0 = Debug|x64
		{2DBADF9A-591C-448D-AC20-6E05B701E8DF}.Release|x64.ActiveCfg = Release|x64
		{2DBADF9A-591C-448D-AC20-6E05B701E8DF}.Release|x64.Build.0 = Release|x64
		{2DBADF9A-591C-448D-AC20-6E05B701E8DF}.Release|x86.ActiveCfg = Release|x64
		{2DBADF9A-591C-448D-AC20-6E05B701E8DF}.Release|x86.Build.0 = Release|x64
		{C50EE782-51C5-4A22-ABED-23BE5AC9449D}.Debug|x64.ActiveCfg = Debug|x64
		{C50EE782-51C5-4A22-ABED-23BE5AC9449D}.Debug|x64.Build.0 = Debug|x64
		{C50EE782-51C5-4A22-ABED-23BE5AC9449D}.Debug|x86.ActiveCfg = Debug|Win32
		{C50EE782-51C5-4A22-ABED-23BE5AC9449D}.Debug|x86.Build.0 = Debug|Win32
		{C50EE782-51C5-4A22-ABED-23BE5AC9449D}.Release|x64.ActiveCfg = Release|x64
		{C50EE782-51C5-4A22-ABED-23BE5AC9449D}.Release|x64.Build.0 = Release|x64
		{C50EE782-51C5-4A22-ABED-23BE5AC9449D}.Release|x86.ActiveCfg = Release|Win32
		{C50EE782-51C5-4A22-ABED-23BE5AC9449D}.Release|x86.Build.0 = Release|Win32
		{D445CFCC-FC5B-4F56-B315-BDA3F6187D8F}.Debug|x64.ActiveCfg = Debug|x64
		{D445CFCC-FC5B-4F56-B315-BDA3F6187D8F}.Debug|x64.Build.0 = Debug|x64
		{D445CFCC-FC5B-4F56-B315-BDA3F6187D8F}.Debug|x86.ActiveCfg = Debug|x64
		{D445CFCC-FC5B-4F56-B315-BDA3F6187D8F}.Debug|x86.Build.0 = Debug|x64
		{D445CFCC-FC5B-4F56-B315-BDA3F6187D8F}.Release|x64.ActiveCfg = Release|x64
		{D445CFCC-FC5B-4F56-B315-BDA3F6187D8F}.Release|x64.Build.0 = Release|x64
		{D445CFCC-FC5B-4F56-B315-BDA3F6187D8F}.Release|x86.ActiveCfg = Release|x64
		{D445CFCC-FC5B-4F56-B315-BDA3F6187D8F}.Release|x86.Build.0 = Release|x64
		{61A85A3D-8AB0-4AAF-8BEA-4D0523653A47}.Debug|x64.ActiveCfg = Debug|x64
		{61A85A3D-8AB0-4AAF-8BEA-4D0523653A47}.Debug|x64.Build.0 = Debug|x64
		{61A85A3D-8AB0-4AAF-8BEA-4D0523653A47}.Debug|x86.ActiveCfg = Debug|x64
		{61A85A3D-8AB0-4AAF-8BEA-4D0523653A47}.Debug|x86.Build.0 = Debug|x64
		{61A85A3D-8AB0-4AAF-8BEA-4D0523653A47}.Release|x64.ActiveCfg = Release|x64
		{61A85A3D-8AB0-4AAF-8BEA-4D0523653A47}.Release|x64.Build.0 = Release|x64
		{61A85A3D-8AB0-4AAF-8BEA-4D0523653A47}.Release|x86.ActiveCfg = Release|x64
		{61A85A3D-8AB0-4AAF-8BEA-4D0523653A47}.Release|x86.Build.0 = Release|x64
		{4236648C-E950-493F-9C47-18FC618BE4D9}.Debug|x64.ActiveCfg = Debug|x64
		{4236648C-E950-493F-9C47-18FC618BE4D9}.Debug|x64.Build.0 = Debug|x64
		{4236648C-E950-493F-9C47-18FC618BE4D9}.Debug|x86.ActiveCfg = Debug|x64
		{4236648C-E950-493F-9C47-18FC618BE4D9}.Debug|x86.Build.0 = Debug|x64
		{4236648C-E950-493F-9C47-18FC618BE4D9}.Release|x64.ActiveCfg = Release|x64
		{4236648C-E950-493F-9C47-18FC618BE4D9}.Release|x64.Build.0 = Release|x64
		{4236648C-E950-493F-9C47-18FC618BE4D9}.Release|x86.ActiveCfg = Release|x64
		{4236648C-E950-493F-9C47-18FC618BE4D9}.Release|x86.Build.0 = Release|x64
		{3D4C4F94-0393-4CD5-8E77-158E06ED3587}.Debug|x64.ActiveCfg = Debug|x64
		{3D4C4F94-0393-4CD5-8E77-158E06ED3587}.Debug|x64.Build.0 = Debug|x64
		{3D4C4F94-0393-4CD5-8E77-158E06ED3587}.Debug|x86.ActiveCfg = Debug|x64
		{3D4C4F94-0393-4CD5-8E77-158E06ED3587}.Debug|x86.Build.0 = Debug|x64
		{3D4C4F94-0393-4CD5-8E77-158E06ED3587}.Release|x64.ActiveCfg = Release|x64
		{3D4C4F94-0393-4CD5-8E77-158E06ED3587}.Release|x64.Build.0 = Release|x64
		{3D4C4F94-0393-4CD5-8E77-158E06ED3587}.Release|x86.ActiveCfg = Release|x64
		{3D4C4F94-0393-4CD5-8E77-158E06ED3587}.Release|x86.Build.0 = Release|x64
		{1A657863-1F1C-4E0D-977B-2F6D3FF7B415}.Debug|x64.ActiveCfg = Debug|x64
		{1A657863-1F1C-4E0D-977B-2F6D3FF7B415}.Debug|x64.Build.0 = Debug|x64
		{1A657863-1F1C-4E0D-977B-2F6D3FF7B415}.Debug|x86.ActiveCfg = Debug|x64
		{1A657863-1F1C-4E0D-977B-2F6D3FF7B415}.Debug|x86.Build.0 = Debug|x64
		{1A657863-1F1C-4E0D-977B-2F6D3FF7B415}.Release|x64.ActiveCfg = Release|x64
		{1A657863-1F1C-4E0D-977B-2F6D3FF7B415}.Release|x64.Build.0 = Release|x64
		{1A657863-1F1C-4E0D-977B-2F6D3FF7B415}.Release|x86.ActiveCfg = Release|x64
		{1A657863-1F1C-4E0D-977B-2F6D3FF7B415}.Release|x86.Build.0 = Release|x64
		{55F47A2F-5E32-4AB3-8116-BB9EAAB1C9D5}.Debug|x64.ActiveCfg = Debug|x64
		{55F47A2F-5E32-4AB3-8116-BB9EAAB1C9D5}.Debug|x64.Build.0 = Debug|x64
		{55F47A2F-5E32-4AB3-8116-BB9EAAB1C9D5}.Debug|x86.ActiveCfg = Debug|x64
		{55F47A2F-5E32-4AB3-8116-BB9EAAB1C9D5}.Debug|x86.Build.0 = Debug|x64
		{55F47A2F-5E32-4AB3-8116-BB9EAAB1C9D5}.Release|x64.ActiveCfg = Release|x64
		{55F47A2F-5E32-4AB3-8116-BB9EAAB1C9D5}.Release|x64.Build.0 = Release|x64
		{55F47A2F-5E32-4AB3-8116-BB9EAAB1C9D5}.Release|x86.ActiveCfg = Release|x64
		{55F47A2F-5E32-4AB3-8116-BB9EAAB1C9D5}.Release|x86.Build.0 = Release|x64
		{8B65323E-1D0B-4148-884B-F04C2FEAA123}.Debug|x64.ActiveCfg = Debug|x64
		{8B65323E-1D0B-4148-884B-F04C2FEAA123}.Debug|x64.Build.0 = Debug|x64
		{8B65323E-1D0B-4148-884B-F04C2FEAA123}.Debug|x86.ActiveCfg = Debug|x64
		{8B65323E-1D0B-4148-884B-F04C2FEAA123}.Debug|x86.Build.0 = Debug|x64
		{8B65323E-1D0B-4148-884B-F04C2FEAA123}.Release|x64.ActiveCfg = Release|x64
		{8B65323E-1D0B-4148-884B-F04C2FEAA123}.Release|x64.Build.0 = Release|x64
		{8B65323E-1D0B-4148-884B-F04C2FEAA123}.Release|x86.ActiveCfg = Release|x64
		{8B65323E-1D0B-4148-884B-F04C2FEAA123}.Release|x86.Build.0 = Release|x64
	EndGlobalSection
	GlobalSection(SolutionProperties) = preSolution
		HideSolutionNode = FALSE
	EndGlobalSection
	GlobalSection(NestedProjects) = preSolution
		{2DBADF9A-591C-448D-AC20-6E05B701E8DF} = {D7F7BADC-F9AD-4789-BD24-02B1E7E98952}
		{D445CFCC-FC5B-4F56-B315-BDA3F6187D8F} = {AF533ABC-1787-46CD-8750-AE1B65E116D9}
		{61A85A3D-8AB0-4AAF-8BEA-4D0523653A47} = {9F92B73E-66EE-4BED-9571-75174FFB4C58}
		{4236648C-E950-493F-9C47-18FC618BE4D9} = {9F92B73E-66EE-4BED-9571-75174FFB4C58}
		{3D4C4F94-0393-4CD5-8E77-158E06ED3587} = {6E9A4D1E-A9D2-4906-9385-EF18B9020727}
		{1A657863-1F1C-4E0D-977B-2F6D3FF7B415} = {E8A9EEA9-4BA5-40CF-93DC-EFBBC9E3A092}
		{55F47A2F-5E32-4AB3-8116-BB9EAAB1C9D5} = {9F92B73E-66EE-4BED-9571-75174FFB4C58}
		{8B65323E-1D0B-4148-884B-F04C2FEAA123} = {C23BA001-AC28-4A3D-A831-4ABCD5F30AA5}
	EndGlobalSection
	GlobalSection(ExtensibilityGlobals) = postSolution
		SolutionGuid = {79712723-2F78-4143-94B5-99869D927471}
	EndGlobalSection
EndGlobal
