<?xml version="1.0" encoding="utf-8"?>
<Project ToolsVersion="4.0" xmlns="http://schemas.microsoft.com/developer/msbuild/2003">
  <ItemGroup>
    <ClCompile Include="MasterQian.Storage.Zip.cpp" />
    <ClCompile Include="..\include\MasterQian.freestanding.ixx" />
  </ItemGroup>
  <ItemGroup>
    <ClInclude Include="ioapi.h" />
    <ClInclude Include="unzip.h" />
    <ClInclude Include="zconf.h" />
    <ClInclude Include="zip.h" />
    <ClInclude Include="zlib.h" />
  </ItemGroup>
</Project>